
Microsoft Visual Studio Solution File, Format Version 12.00
# Visual Studio Version 17
VisualStudioVersion = 17.5.002.0
MinimumVisualStudioVersion = 10.0.40219.1
Project("{9A19103F-16F7-4668-BE54-9A1E7A4F7556}") = "Prueba2_.Net_Proyecto", "Prueba2_.Net_Proyecto.csproj", "{33C1229E-65A5-42E8-A4D4-C838A3F691BC}"
EndProject
Global
	GlobalSection(SolutionConfigurationPlatforms) = preSolution
		Debug|Any CPU = Debug|Any CPU
		Release|Any CPU = Release|Any CPU
	EndGlobalSection
	GlobalSection(ProjectConfigurationPlatforms) = postSolution
		{33C1229E-65A5-42E8-A4D4-C838A3F691BC}.Debug|Any CPU.ActiveCfg = Debug|Any CPU
		{33C1229E-65A5-42E8-A4D4-C838A3F691BC}.Debug|Any CPU.Build.0 = Debug|Any CPU
		{33C1229E-65A5-42E8-A4D4-C838A3F691BC}.Release|Any CPU.ActiveCfg = Release|Any CPU
		{33C1229E-65A5-42E8-A4D4-C838A3F691BC}.Release|Any CPU.Build.0 = Release|Any CPU
	EndGlobalSection
	GlobalSection(SolutionProperties) = preSolution
		HideSolutionNode = FALSE
	EndGlobalSection
	GlobalSection(ExtensibilityGlobals) = postSolution
		SolutionGuid = {78589271-2F80-49AE-B0B3-762C6862103F}
	EndGlobalSection
EndGlobal
